<?xml version="1.0" encoding="utf-8"?>
<Project ToolsVersion="4.0" xmlns="http://schemas.microsoft.com/developer/msbuild/2003">
  <ItemGroup>
    <Filter Include="Source Files">
      <UniqueIdentifier>{4FC737F1-C7A5-4376-A066-2A32D752A2FF}</UniqueIdentifier>
      <Extensions>cpp;c;cc;cxx;def;odl;idl;hpj;bat;asm;asmx</Extensions>
    </Filter>
    <Filter Include="Header Files">
      <UniqueIdentifier>{93995380-89BD-4b04-88EB-625FBE52EBFB}</UniqueIdentifier>
      <Extensions>h;hh;hpp;hxx;hm;inl;inc;xsd</Extensions>
    </Filter>
    <Filter Include="Resource Files">
      <UniqueIdentifier>{67DA6AB6-F800-4c08-8B7A-83BB121AAD01}</UniqueIdentifier>
      <Extensions>rc;ico;cur;bmp;dlg;rc2;rct;bin;rgs;gif;jpg;jpeg;jpe;resx;tiff;tif;png;wav;mfcribbon-ms</Extensions>
    </Filter>
    <Filter Include="Header Files\Datalogger">
      <UniqueIdentifier>{5ab3816f-067d-4952-9ee9-024fde9fca6c}</UniqueIdentifier>
    </Filter>
    <Filter Include="Source Files\Datalogger">
      <UniqueIdentifier>{7f1fbdd8-c4eb-4d55-a3c4-22ab356c738a}</UniqueIdentifier>
    </Filter>
    <Filter Include="Header Files\Strategy">
      <UniqueIdentifier>{60c10cfa-b02b-40d1-8b64-c319c138a5de}</UniqueIdentifier>
    </Filter>
    <Filter Include="Source Files\Strategy">
      <UniqueIdentifier>{650757b1-52ed-41bb-8b41-3eda135f7cde}</UniqueIdentifier>
    </Filter>
    <Filter Include="Source Files\ExtInterfaces">
      <UniqueIdentifier>{7cc272b9-8bef-4e81-8690-33feaa552c70}</UniqueIdentifier>
    </Filter>
    <Filter Include="Header Files\ExtInterfaces">
      <UniqueIdentifier>{c47893c9-bbed-44bc-8367-cd6869f6e33a}</UniqueIdentifier>
    </Filter>
    <Filter Include="Header Files\Display">
      <UniqueIdentifier>{09212841-78d8-40b4-8003-4b7456b9705f}</UniqueIdentifier>
    </Filter>
    <Filter Include="Header Files\Display\Widgets">
      <UniqueIdentifier>{3f7bdde8-3d76-4b21-b1bf-646f7a07a2b7}</UniqueIdentifier>
    </Filter>
    <Filter Include="Header Files\Display\Forms">
      <UniqueIdentifier>{f6f9b719-0fa7-4506-91cb-ce65932f89d5}</UniqueIdentifier>
    </Filter>
    <Filter Include="Header Files\Strategy\Gps">
      <UniqueIdentifier>{2168ac20-7f4a-4552-9643-09bba5eb4719}</UniqueIdentifier>
    </Filter>
    <Filter Include="Source Files\Strategy\Gps">
      <UniqueIdentifier>{7b2fd2c6-8861-4af3-902d-1761ef814e2a}</UniqueIdentifier>
    </Filter>
    <Filter Include="Source Files\Display">
      <UniqueIdentifier>{2867a2d9-c1be-4008-ad79-0ad007ee0216}</UniqueIdentifier>
    </Filter>
    <Filter Include="Source Files\Display\Widgets">
      <UniqueIdentifier>{59c88470-a7de-4573-ab93-2141a3294009}</UniqueIdentifier>
    </Filter>
    <Filter Include="Source Files\Display\Forms">
      <UniqueIdentifier>{420005d9-b449-48cc-be6f-042cd2e6c433}</UniqueIdentifier>
    </Filter>
    <Filter Include="Header Files\Utils">
      <UniqueIdentifier>{73bb7c6e-2d83-4856-99ba-6b40da0b5958}</UniqueIdentifier>
    </Filter>
    <Filter Include="Source Files\Utils">
      <UniqueIdentifier>{0b281ebb-42cf-4643-a09e-4e4f88a5dd69}</UniqueIdentifier>
    </Filter>
    <Filter Include="Header Files\ExtInterfaces\Sensor">
      <UniqueIdentifier>{d53613c9-f010-45d6-8d25-ed50e6516cdf}</UniqueIdentifier>
    </Filter>
    <Filter Include="Source Files\ExtInterfaces\Sensor">
      <UniqueIdentifier>{52406e19-1dd0-47b5-882b-7f80614d3edb}</UniqueIdentifier>
    </Filter>
  </ItemGroup>
  <ItemGroup>
    <None Include="DashBoard.ino" />
  </ItemGroup>
  <ItemGroup>
    <ClInclude Include="ChannelsBuffer.h">
      <Filter>Header Files\Datalogger</Filter>
    </ClInclude>
    <ClInclude Include="ChannelsConfig.h">
      <Filter>Header Files\Datalogger</Filter>
    </ClInclude>
    <ClInclude Include="DataLogger.h">
      <Filter>Header Files\Datalogger</Filter>
    </ClInclude>
    <ClInclude Include="StrategySettings.h">
      <Filter>Header Files\Strategy</Filter>
    </ClInclude>
    <ClInclude Include="Interprete.h">
      <Filter>Header Files\Strategy</Filter>
    </ClInclude>
    <ClInclude Include="DisplayInterface.h">
      <Filter>Header Files\Display</Filter>
    </ClInclude>
    <ClInclude Include="LCDStringList.h">
      <Filter>Header Files\Display\Widgets</Filter>
    </ClInclude>
    <ClInclude Include="CanInterface.h">
      <Filter>Header Files\ExtInterfaces</Filter>
    </ClInclude>
    <ClInclude Include="PhoneInterface.h">
      <Filter>Header Files\ExtInterfaces</Filter>
    </ClInclude>
    <ClInclude Include="Channel.h">
      <Filter>Header Files\Datalogger</Filter>
    </ClInclude>
    <ClInclude Include="LCDForm.h">
      <Filter>Header Files\Display\Widgets</Filter>
    </ClInclude>
    <ClInclude Include="ConsoleForm.h">
      <Filter>Header Files\Display\Forms</Filter>
    </ClInclude>
    <ClInclude Include="DebugForm.h">
      <Filter>Header Files\Display\Forms</Filter>
    </ClInclude>
    <ClInclude Include="MainForm.h">
      <Filter>Header Files\Display\Forms</Filter>
    </ClInclude>
    <ClInclude Include="MapsForm.h">
      <Filter>Header Files\Display\Forms</Filter>
    </ClInclude>
    <ClInclude Include="LCDStringMsg.h">
      <Filter>Header Files\Display\Widgets</Filter>
    </ClInclude>
    <ClInclude Include="EarthDistance.h">
      <Filter>Header Files\Strategy\Gps</Filter>
    </ClInclude>
    <ClInclude Include="WayPoint.h">
      <Filter>Header Files\Strategy\Gps</Filter>
    </ClInclude>
    <ClInclude Include="Logger.h">
      <Filter>Header Files\Utils</Filter>
    </ClInclude>
    <ClInclude Include="WdtUtils.h">
      <Filter>Header Files\Utils</Filter>
    </ClInclude>
    <ClInclude Include="MapSelector.h">
      <Filter>Header Files\ExtInterfaces</Filter>
    </ClInclude>
    <ClInclude Include="Shell.h">
      <Filter>Header Files\Utils</Filter>
    </ClInclude>
    <ClInclude Include="BMSInterface.h">
      <Filter>Header Files\ExtInterfaces</Filter>
    </ClInclude>
    <ClInclude Include="HWConfig.h">
      <Filter>Header Files\ExtInterfaces</Filter>
    </ClInclude>
    <ClInclude Include="TelemetryInterface.h">
      <Filter>Header Files\ExtInterfaces</Filter>
    </ClInclude>
    <ClInclude Include="SteerSensor.h">
      <Filter>Header Files\ExtInterfaces\Sensor</Filter>
    </ClInclude>
    <ClInclude Include="WheelSensor.h">
      <Filter>Header Files\ExtInterfaces\Sensor</Filter>
    </ClInclude>
    <ClInclude Include="GpsInterface.h">
      <Filter>Header Files\Strategy\Gps</Filter>
    </ClInclude>
    <ClInclude Include="DistanceSensor.h">
      <Filter>Header Files\ExtInterfaces\Sensor</Filter>
    </ClInclude>
    <ClInclude Include="__vm\.EscorpioEvo16-Dashboard.vsarduino.h">
      <Filter>Header Files</Filter>
    </ClInclude>
  </ItemGroup>
  <ItemGroup>
    <ClCompile Include="ChannelsBuffer.cpp">
      <Filter>Source Files\Datalogger</Filter>
    </ClCompile>
    <ClCompile Include="ChannelsConfig.cpp">
      <Filter>Source Files\Datalogger</Filter>
    </ClCompile>
    <ClCompile Include="Interprete.cpp">
      <Filter>Source Files\Strategy</Filter>
    </ClCompile>
    <ClCompile Include="StrategySettings.cpp">
      <Filter>Source Files\Strategy</Filter>
    </ClCompile>
    <ClCompile Include="DisplayInterface.cpp">
      <Filter>Source Files\Display</Filter>
    </ClCompile>
    <ClCompile Include="LCDStringList.cpp">
      <Filter>Source Files\Display\Widgets</Filter>
    </ClCompile>
    <ClCompile Include="CanInterface.cpp">
      <Filter>Source Files\ExtInterfaces</Filter>
    </ClCompile>
    <ClCompile Include="PhoneInterface.cpp">
      <Filter>Source Files\ExtInterfaces</Filter>
    </ClCompile>
    <ClCompile Include="DataLogger.cpp">
      <Filter>Source Files\Datalogger</Filter>
    </ClCompile>
    <ClCompile Include="ConsoleForm.cpp">
      <Filter>Source Files\Display\Forms</Filter>
    </ClCompile>
    <ClCompile Include="DebugForm.cpp">
      <Filter>Source Files\Display\Forms</Filter>
    </ClCompile>
    <ClCompile Include="MainForm.cpp">
      <Filter>Source Files\Display\Forms</Filter>
    </ClCompile>
    <ClCompile Include="MapsForm.cpp">
      <Filter>Source Files\Display\Forms</Filter>
    </ClCompile>
    <ClCompile Include="LCDStringMsg.cpp">
      <Filter>Source Files\Display\Widgets</Filter>
    </ClCompile>
    <ClCompile Include="EarthDistance.cpp">
      <Filter>Source Files\Strategy\Gps</Filter>
    </ClCompile>
    <ClCompile Include="WayPoint.cpp">
      <Filter>Source Files\Strategy\Gps</Filter>
    </ClCompile>
    <ClCompile Include="Logger.cpp">
      <Filter>Source Files\Utils</Filter>
    </ClCompile>
    <ClCompile Include="MapSelector.cpp">
      <Filter>Source Files\ExtInterfaces</Filter>
    </ClCompile>
    <ClCompile Include="Shell.cpp">
      <Filter>Source Files\Utils</Filter>
    </ClCompile>
    <ClCompile Include="BMSInterface.cpp">
      <Filter>Source Files\ExtInterfaces</Filter>
    </ClCompile>
    <ClCompile Include="TelemetryInterface.cpp">
      <Filter>Source Files\ExtInterfaces</Filter>
    </ClCompile>
    <ClCompile Include="SteerSensor.cpp">
      <Filter>Source Files\ExtInterfaces\Sensor</Filter>
    </ClCompile>
    <ClCompile Include="WheelSensor.cpp">
      <Filter>Source Files\ExtInterfaces\Sensor</Filter>
    </ClCompile>
    <ClCompile Include="Channel.cpp">
      <Filter>Source Files\Datalogger</Filter>
    </ClCompile>
    <ClCompile Include="GpsInterface.cpp">
      <Filter>Source Files\Strategy\Gps</Filter>
    </ClCompile>
    <ClCompile Include="DistanceSensor.cpp">
      <Filter>Source Files\ExtInterfaces\Sensor</Filter>
    </ClCompile>
  </ItemGroup>
</Project>